
Microsoft Visual Studio Solution File, Format Version 12.00
# Visual Studio Version 17
VisualStudioVersion = 17.0.32014.148
MinimumVisualStudioVersion = 10.0.40219.1
Project("{FAE04EC0-301F-11D3-BF4B-00C04F79EFBC}") = "API", "API\API.csproj", "{9F12A3ED-5D1A-4A90-9A50-C375FA7DF603}"
EndProject
Global
	GlobalSection(SolutionConfigurationPlatforms) = preSolution
		Debug|Any CPU = Debug|Any CPU
		Release|Any CPU = Release|Any CPU
	EndGlobalSection
	GlobalSection(ProjectConfigurationPlatforms) = postSolution
		{9F12A3ED-5D1A-4A90-9A50-C375FA7DF603}.Debug|Any CPU.ActiveCfg = Debug|Any CPU
		{9F12A3ED-5D1A-4A90-9A50-C375FA7DF603}.Debug|Any CPU.Build.0 = Debug|Any CPU
		{9F12A3ED-5D1A-4A90-9A50-C375FA7DF603}.Release|Any CPU.ActiveCfg = Release|Any CPU
		{9F12A3ED-5D1A-4A90-9A50-C375FA7DF603}.Release|Any CPU.Build.0 = Release|Any CPU
	EndGlobalSection
	GlobalSection(SolutionProperties) = preSolution
		HideSolutionNode = FALSE
	EndGlobalSection
	GlobalSection(ExtensibilityGlobals) = postSolution
		SolutionGuid = {75B8DAE2-6DC7-41E0-B7D5-095FE0F4703B}
	EndGlobalSection
EndGlobal
